
Microsoft Visual Studio Solution File, Format Version 12.00
# Visual Studio Version 17
VisualStudioVersion = 17.14.37012.4 d17.14
MinimumVisualStudioVersion = 10.0.40219.1
Project("{FAE04EC0-301F-11D3-BF4B-00C04F79EFBC}") = "DBProject", "DBProject\DBProject.csproj", "{FAEE07BE-CF83-43D0-907C-946D96463C2B}"
EndProject
Global
	GlobalSection(SolutionConfigurationPlatforms) = preSolution
		Debug|Any CPU = Debug|Any CPU
		Release|Any CPU = Release|Any CPU
	EndGlobalSection
	GlobalSection(ProjectConfigurationPlatforms) = postSolution
		{FAEE07BE-CF83-43D0-907C-946D96463C2B}.Debug|Any CPU.ActiveCfg = Debug|Any CPU
		{FAEE07BE-CF83-43D0-907C-946D96463C2B}.Debug|Any CPU.Build.0 = Debug|Any CPU
		{FAEE07BE-CF83-43D0-907C-946D96463C2B}.Release|Any CPU.ActiveCfg = Release|Any CPU
		{FAEE07BE-CF83-43D0-907C-946D96463C2B}.Release|Any CPU.Build.0 = Release|Any CPU
	EndGlobalSection
	GlobalSection(SolutionProperties) = preSolution
		HideSolutionNode = FALSE
	EndGlobalSection
	GlobalSection(ExtensibilityGlobals) = postSolution
		SolutionGuid = {83CB1EC7-AB6E-4E46-B2E5-329D2F510F90}
	EndGlobalSection
EndGlobal
